
Microsoft Visual Studio Solution File, Format Version 12.00
# Visual Studio Version 16
VisualStudioVersion = 16.0.31515.178
MinimumVisualStudioVersion = 10.0.40219.1
Project("{FAE04EC0-301F-11D3-BF4B-00C04F79EFBC}") = "ShoppingCart", "ShoppingCart\ShoppingCart.csproj", "{D0C5182C-9572-4E9B-966F-9CE7CC79DAF6}"
EndProject
Project("{FAE04EC0-301F-11D3-BF4B-00C04F79EFBC}") = "ShoppingCart.Test", "ShoppingCart.Test\ShoppingCart.Test.csproj", "{C6EDCD03-793F-447C-9CC4-29B43B858605}"
EndProject
Global
	GlobalSection(SolutionConfigurationPlatforms) = preSolution
		Debug|Any CPU = Debug|Any CPU
		Release|Any CPU = Release|Any CPU
	EndGlobalSection
	GlobalSection(ProjectConfigurationPlatforms) = postSolution
		{D0C5182C-9572-4E9B-966F-9CE7CC79DAF6}.Debug|Any CPU.ActiveCfg = Debug|Any CPU
		{D0C5182C-9572-4E9B-966F-9CE7CC79DAF6}.Debug|Any CPU.Build.0 = Debug|Any CPU
		{D0C5182C-9572-4E9B-966F-9CE7CC79DAF6}.Release|Any CPU.ActiveCfg = Release|Any CPU
		{D0C5182C-9572-4E9B-966F-9CE7CC79DAF6}.Release|Any CPU.Build.0 = Release|Any CPU
		{C6EDCD03-793F-447C-9CC4-29B43B858605}.Debug|Any CPU.ActiveCfg = Debug|Any CPU
		{C6EDCD03-793F-447C-9CC4-29B43B858605}.Debug|Any CPU.Build.0 = Debug|Any CPU
		{C6EDCD03-793F-447C-9CC4-29B43B858605}.Release|Any CPU.ActiveCfg = Release|Any CPU
		{C6EDCD03-793F-447C-9CC4-29B43B858605}.Release|Any CPU.Build.0 = Release|Any CPU
	EndGlobalSection
	GlobalSection(SolutionProperties) = preSolution
		HideSolutionNode = FALSE
	EndGlobalSection
	GlobalSection(ExtensibilityGlobals) = postSolution
		SolutionGuid = {7363A263-A946-4AF8-B391-C62374C826F9}
	EndGlobalSection
EndGlobal
